
Microsoft Visual Studio Solution File, Format Version 12.00
# Visual Studio Version 17
VisualStudioVersion = 17.0.31612.314
MinimumVisualStudioVersion = 10.0.40219.1
Project("{FAE04EC0-301F-11D3-BF4B-00C04F79EFBC}") = "Vehicles.Common", "Vehicles.Common\Vehicles.Common.csproj", "{656A2291-937E-4181-B33A-37BA21CE7307}"
EndProject
Project("{FAE04EC0-301F-11D3-BF4B-00C04F79EFBC}") = "Vehicles.API", "Vehicles.API\Vehicles.API.csproj", "{BD33351E-3245-45F4-A7E8-299439530AC0}"
EndProject
Global
	GlobalSection(SolutionConfigurationPlatforms) = preSolution
		Debug|Any CPU = Debug|Any CPU
		Release|Any CPU = Release|Any CPU
	EndGlobalSection
	GlobalSection(ProjectConfigurationPlatforms) = postSolution
		{656A2291-937E-4181-B33A-37BA21CE7307}.Debug|Any CPU.ActiveCfg = Debug|Any CPU
		{656A2291-937E-4181-B33A-37BA21CE7307}.Debug|Any CPU.Build.0 = Debug|Any CPU
		{656A2291-937E-4181-B33A-37BA21CE7307}.Release|Any CPU.ActiveCfg = Release|Any CPU
		{656A2291-937E-4181-B33A-37BA21CE7307}.Release|Any CPU.Build.0 = Release|Any CPU
		{BD33351E-3245-45F4-A7E8-299439530AC0}.Debug|Any CPU.ActiveCfg = Debug|Any CPU
		{BD33351E-3245-45F4-A7E8-299439530AC0}.Debug|Any CPU.Build.0 = Debug|Any CPU
		{BD33351E-3245-45F4-A7E8-299439530AC0}.Release|Any CPU.ActiveCfg = Release|Any CPU
		{BD33351E-3245-45F4-A7E8-299439530AC0}.Release|Any CPU.Build.0 = Release|Any CPU
	EndGlobalSection
	GlobalSection(SolutionProperties) = preSolution
		HideSolutionNode = FALSE
	EndGlobalSection
	GlobalSection(ExtensibilityGlobals) = postSolution
		SolutionGuid = {9F2862D3-B0F4-45AE-8945-1FEA672E5050}
	EndGlobalSection
EndGlobal
